// !$*UTF8*$!
{
	archiveVersion = 1;
	classes = {
	};
	objectVersion = 55;
	objects = {

/* Begin PBXBuildFile section */
		0A2235DA27E20EFC00ACA065 /* QuoteKit in Frameworks */ = {isa = PBXBuildFile; productRef = 0A2235D927E20EFC00ACA065 /* QuoteKit */; };
		0A2235DD27E20F3E00ACA065 /* QuoteKit in Frameworks */ = {isa = PBXBuildFile; productRef = 0A2235DC27E20F3E00ACA065 /* QuoteKit */; };
		0AB1291F27E20EB40026ED0B /* Tests_iOS.swift in Sources */ = {isa = PBXBuildFile; fileRef = 0AB1291E27E20EB40026ED0B /* Tests_iOS.swift */; };
		0AB1292127E20EB40026ED0B /* Tests_iOSLaunchTests.swift in Sources */ = {isa = PBXBuildFile; fileRef = 0AB1292027E20EB40026ED0B /* Tests_iOSLaunchTests.swift */; };
		0AB1292B27E20EB40026ED0B /* Tests_macOS.swift in Sources */ = {isa = PBXBuildFile; fileRef = 0AB1292A27E20EB40026ED0B /* Tests_macOS.swift */; };
		0AB1292D27E20EB40026ED0B /* Tests_macOSLaunchTests.swift in Sources */ = {isa = PBXBuildFile; fileRef = 0AB1292C27E20EB40026ED0B /* Tests_macOSLaunchTests.swift */; };
		0AB1292E27E20EB40026ED0B /* Quoty_DemoApp.swift in Sources */ = {isa = PBXBuildFile; fileRef = 0AB1290627E20EB30026ED0B /* Quoty_DemoApp.swift */; };
		0AB1292F27E20EB40026ED0B /* Quoty_DemoApp.swift in Sources */ = {isa = PBXBuildFile; fileRef = 0AB1290627E20EB30026ED0B /* Quoty_DemoApp.swift */; };
		0AB1293027E20EB40026ED0B /* ContentView.swift in Sources */ = {isa = PBXBuildFile; fileRef = 0AB1290727E20EB30026ED0B /* ContentView.swift */; };
		0AB1293127E20EB40026ED0B /* ContentView.swift in Sources */ = {isa = PBXBuildFile; fileRef = 0AB1290727E20EB30026ED0B /* ContentView.swift */; };
		0AB1293227E20EB40026ED0B /* Assets.xcassets in Resources */ = {isa = PBXBuildFile; fileRef = 0AB1290827E20EB40026ED0B /* Assets.xcassets */; };
		0AB1293327E20EB40026ED0B /* Assets.xcassets in Resources */ = {isa = PBXBuildFile; fileRef = 0AB1290827E20EB40026ED0B /* Assets.xcassets */; };
/* End PBXBuildFile section */

/* Begin PBXContainerItemProxy section */
		0AB1291B27E20EB40026ED0B /* PBXContainerItemProxy */ = {
			isa = PBXContainerItemProxy;
			containerPortal = 0AB1290127E20EB30026ED0B /* Project object */;
			proxyType = 1;
			remoteGlobalIDString = 0AB1290C27E20EB40026ED0B;
			remoteInfo = "Quoty-Demo (iOS)";
		};
		0AB1292727E20EB40026ED0B /* PBXContainerItemProxy */ = {
			isa = PBXContainerItemProxy;
			containerPortal = 0AB1290127E20EB30026ED0B /* Project object */;
			proxyType = 1;
			remoteGlobalIDString = 0AB1291227E20EB40026ED0B;
			remoteInfo = "Quoty-Demo (macOS)";
		};
/* End PBXContainerItemProxy section */

/* Begin PBXFileReference section */
		0AB1290627E20EB30026ED0B /* Quoty_DemoApp.swift */ = {isa = PBXFileReference; lastKnownFileType = sourcecode.swift; path = Quoty_DemoApp.swift; sourceTree = "<group>"; };
		0AB1290727E20EB30026ED0B /* ContentView.swift */ = {isa = PBXFileReference; lastKnownFileType = sourcecode.swift; path = ContentView.swift; sourceTree = "<group>"; };
		0AB1290827E20EB40026ED0B /* Assets.xcassets */ = {isa = PBXFileReference; lastKnownFileType = folder.assetcatalog; path = Assets.xcassets; sourceTree = "<group>"; };
		0AB1290D27E20EB40026ED0B /* Quoty-Demo.app */ = {isa = PBXFileReference; explicitFileType = wrapper.application; includeInIndex = 0; path = "Quoty-Demo.app"; sourceTree = BUILT_PRODUCTS_DIR; };
		0AB1291327E20EB40026ED0B /* Quoty-Demo.app */ = {isa = PBXFileReference; explicitFileType = wrapper.application; includeInIndex = 0; path = "Quoty-Demo.app"; sourceTree = BUILT_PRODUCTS_DIR; };
		0AB1291527E20EB40026ED0B /* macOS.entitlements */ = {isa = PBXFileReference; lastKnownFileType = text.plist.entitlements; path = macOS.entitlements; sourceTree = "<group>"; };
		0AB1291A27E20EB40026ED0B /* Tests iOS.xctest */ = {isa = PBXFileReference; explicitFileType = wrapper.cfbundle; includeInIndex = 0; path = "Tests iOS.xctest"; sourceTree = BUILT_PRODUCTS_DIR; };
		0AB1291E27E20EB40026ED0B /* Tests_iOS.swift */ = {isa = PBXFileReference; lastKnownFileType = sourcecode.swift; path = Tests_iOS.swift; sourceTree = "<group>"; };
		0AB1292027E20EB40026ED0B /* Tests_iOSLaunchTests.swift */ = {isa = PBXFileReference; lastKnownFileType = sourcecode.swift; path = Tests_iOSLaunchTests.swift; sourceTree = "<group>"; };
		0AB1292627E20EB40026ED0B /* Tests macOS.xctest */ = {isa = PBXFileReference; explicitFileType = wrapper.cfbundle; includeInIndex = 0; path = "Tests macOS.xctest"; sourceTree = BUILT_PRODUCTS_DIR; };
		0AB1292A27E20EB40026ED0B /* Tests_macOS.swift */ = {isa = PBXFileReference; lastKnownFileType = sourcecode.swift; path = Tests_macOS.swift; sourceTree = "<group>"; };
		0AB1292C27E20EB40026ED0B /* Tests_macOSLaunchTests.swift */ = {isa = PBXFileReference; lastKnownFileType = sourcecode.swift; path = Tests_macOSLaunchTests.swift; sourceTree = "<group>"; };
/* End PBXFileReference section */

/* Begin PBXFrameworksBuildPhase section */
		0AB1290A27E20EB40026ED0B /* Frameworks */ = {
			isa = PBXFrameworksBuildPhase;
			buildActionMask = 2147483647;
			files = (
				0A2235DA27E20EFC00ACA065 /* QuoteKit in Frameworks */,
			);
			runOnlyForDeploymentPostprocessing = 0;
		};
		0AB1291027E20EB40026ED0B /* Frameworks */ = {
			isa = PBXFrameworksBuildPhase;
			buildActionMask = 2147483647;
			files = (
				0A2235DD27E20F3E00ACA065 /* QuoteKit in Frameworks */,
			);
			runOnlyForDeploymentPostprocessing = 0;
		};
		0AB1291727E20EB40026ED0B /* Frameworks */ = {
			isa = PBXFrameworksBuildPhase;
			buildActionMask = 2147483647;
			files = (
			);
			runOnlyForDeploymentPostprocessing = 0;
		};
		0AB1292327E20EB40026ED0B /* Frameworks */ = {
			isa = PBXFrameworksBuildPhase;
			buildActionMask = 2147483647;
			files = (
			);
			runOnlyForDeploymentPostprocessing = 0;
		};
/* End PBXFrameworksBuildPhase section */

/* Begin PBXGroup section */
		0A2235DB27E20F3E00ACA065 /* Frameworks */ = {
			isa = PBXGroup;
			children = (
			);
			name = Frameworks;
			sourceTree = "<group>";
		};
		0AB1290027E20EB30026ED0B = {
			isa = PBXGroup;
			children = (
				0AB1290527E20EB30026ED0B /* Shared */,
				0AB1291427E20EB40026ED0B /* macOS */,
				0AB1291D27E20EB40026ED0B /* Tests iOS */,
				0AB1292927E20EB40026ED0B /* Tests macOS */,
				0AB1290E27E20EB40026ED0B /* Products */,
				0A2235DB27E20F3E00ACA065 /* Frameworks */,
			);
			sourceTree = "<group>";
		};
		0AB1290527E20EB30026ED0B /* Shared */ = {
			isa = PBXGroup;
			children = (
				0AB1290627E20EB30026ED0B /* Quoty_DemoApp.swift */,
				0AB1290727E20EB30026ED0B /* ContentView.swift */,
				0AB1290827E20EB40026ED0B /* Assets.xcassets */,
			);
			path = Shared;
			sourceTree = "<group>";
		};
		0AB1290E27E20EB40026ED0B /* Products */ = {
			isa = PBXGroup;
			children = (
				0AB1290D27E20EB40026ED0B /* Quoty-Demo.app */,
				0AB1291327E20EB40026ED0B /* Quoty-Demo.app */,
				0AB1291A27E20EB40026ED0B /* Tests iOS.xctest */,
				0AB1292627E20EB40026ED0B /* Tests macOS.xctest */,
			);
			name = Products;
			sourceTree = "<group>";
		};
		0AB1291427E20EB40026ED0B /* macOS */ = {
			isa = PBXGroup;
			children = (
				0AB1291527E20EB40026ED0B /* macOS.entitlements */,
			);
			path = macOS;
			sourceTree = "<group>";
		};
		0AB1291D27E20EB40026ED0B /* Tests iOS */ = {
			isa = PBXGroup;
			children = (
				0AB1291E27E20EB40026ED0B /* Tests_iOS.swift */,
				0AB1292027E20EB40026ED0B /* Tests_iOSLaunchTests.swift */,
			);
			path = "Tests iOS";
			sourceTree = "<group>";
		};
		0AB1292927E20EB40026ED0B /* Tests macOS */ = {
			isa = PBXGroup;
			children = (
				0AB1292A27E20EB40026ED0B /* Tests_macOS.swift */,
				0AB1292C27E20EB40026ED0B /* Tests_macOSLaunchTests.swift */,
			);
			path = "Tests macOS";
			sourceTree = "<group>";
		};
/* End PBXGroup section */

/* Begin PBXNativeTarget section */
		0AB1290C27E20EB40026ED0B /* Quoty-Demo (iOS) */ = {
			isa = PBXNativeTarget;
			buildConfigurationList = 0AB1293627E20EB40026ED0B /* Build configuration list for PBXNativeTarget "Quoty-Demo (iOS)" */;
			buildPhases = (
				0AB1290927E20EB40026ED0B /* Sources */,
				0AB1290A27E20EB40026ED0B /* Frameworks */,
				0AB1290B27E20EB40026ED0B /* Resources */,
			);
			buildRules = (
			);
			dependencies = (
			);
			name = "Quoty-Demo (iOS)";
			packageProductDependencies = (
				0A2235D927E20EFC00ACA065 /* QuoteKit */,
			);
			productName = "Quoty-Demo (iOS)";
			productReference = 0AB1290D27E20EB40026ED0B /* Quoty-Demo.app */;
			productType = "com.apple.product-type.application";
		};
		0AB1291227E20EB40026ED0B /* Quoty-Demo (macOS) */ = {
			isa = PBXNativeTarget;
			buildConfigurationList = 0AB1293927E20EB40026ED0B /* Build configuration list for PBXNativeTarget "Quoty-Demo (macOS)" */;
			buildPhases = (
				0AB1290F27E20EB40026ED0B /* Sources */,
				0AB1291027E20EB40026ED0B /* Frameworks */,
				0AB1291127E20EB40026ED0B /* Resources */,
			);
			buildRules = (
			);
			dependencies = (
			);
			name = "Quoty-Demo (macOS)";
			packageProductDependencies = (
				0A2235DC27E20F3E00ACA065 /* QuoteKit */,
			);
			productName = "Quoty-Demo (macOS)";
			productReference = 0AB1291327E20EB40026ED0B /* Quoty-Demo.app */;
			productType = "com.apple.product-type.application";
		};
		0AB1291927E20EB40026ED0B /* Tests iOS */ = {
			isa = PBXNativeTarget;
			buildConfigurationList = 0AB1293C27E20EB40026ED0B /* Build configuration list for PBXNativeTarget "Tests iOS" */;
			buildPhases = (
				0AB1291627E20EB40026ED0B /* Sources */,
				0AB1291727E20EB40026ED0B /* Frameworks */,
				0AB1291827E20EB40026ED0B /* Resources */,
			);
			buildRules = (
			);
			dependencies = (
				0AB1291C27E20EB40026ED0B /* PBXTargetDependency */,
			);
			name = "Tests iOS";
			productName = "Tests iOS";
			productReference = 0AB1291A27E20EB40026ED0B /* Tests iOS.xctest */;
			productType = "com.apple.product-type.bundle.ui-testing";
		};
		0AB1292527E20EB40026ED0B /* Tests macOS */ = {
			isa = PBXNativeTarget;
			buildConfigurationList = 0AB1293F27E20EB40026ED0B /* Build configuration list for PBXNativeTarget "Tests macOS" */;
			buildPhases = (
				0AB1292227E20EB40026ED0B /* Sources */,
				0AB1292327E20EB40026ED0B /* Frameworks */,
				0AB1292427E20EB40026ED0B /* Resources */,
			);
			buildRules = (
			);
			dependencies = (
				0AB1292827E20EB40026ED0B /* PBXTargetDependency */,
			);
			name = "Tests macOS";
			productName = "Tests macOS";
			productReference = 0AB1292627E20EB40026ED0B /* Tests macOS.xctest */;
			productType = "com.apple.product-type.bundle.ui-testing";
		};
/* End PBXNativeTarget section */

/* Begin PBXProject section */
		0AB1290127E20EB30026ED0B /* Project object */ = {
			isa = PBXProject;
			attributes = {
				BuildIndependentTargetsInParallel = 1;
				LastSwiftUpdateCheck = 1320;
				LastUpgradeCheck = 1320;
				TargetAttributes = {
					0AB1290C27E20EB40026ED0B = {
						CreatedOnToolsVersion = 13.2;
					};
					0AB1291227E20EB40026ED0B = {
						CreatedOnToolsVersion = 13.2;
					};
					0AB1291927E20EB40026ED0B = {
						CreatedOnToolsVersion = 13.2;
						TestTargetID = 0AB1290C27E20EB40026ED0B;
					};
					0AB1292527E20EB40026ED0B = {
						CreatedOnToolsVersion = 13.2;
						TestTargetID = 0AB1291227E20EB40026ED0B;
					};
				};
			};
			buildConfigurationList = 0AB1290427E20EB30026ED0B /* Build configuration list for PBXProject "Quoty-Demo" */;
			compatibilityVersion = "Xcode 13.0";
			developmentRegion = en;
			hasScannedForEncodings = 0;
			knownRegions = (
				en,
				Base,
			);
			mainGroup = 0AB1290027E20EB30026ED0B;
			packageReferences = (
				0A2235D827E20EFC00ACA065 /* XCRemoteSwiftPackageReference "QuoteKit" */,
			);
			productRefGroup = 0AB1290E27E20EB40026ED0B /* Products */;
			projectDirPath = "";
			projectRoot = "";
			targets = (
				0AB1290C27E20EB40026ED0B /* Quoty-Demo (iOS) */,
				0AB1291227E20EB40026ED0B /* Quoty-Demo (macOS) */,
				0AB1291927E20EB40026ED0B /* Tests iOS */,
				0AB1292527E20EB40026ED0B /* Tests macOS */,
			);
		};
/* End PBXProject section */

/* Begin PBXResourcesBuildPhase section */
		0AB1290B27E20EB40026ED0B /* Resources */ = {
			isa = PBXResourcesBuildPhase;
			buildActionMask = 2147483647;
			files = (
				0AB1293227E20EB40026ED0B /* Assets.xcassets in Resources */,
			);
			runOnlyForDeploymentPostprocessing = 0;
		};
		0AB1291127E20EB40026ED0B /* Resources */ = {
			isa = PBXResourcesBuildPhase;
			buildActionMask = 2147483647;
			files = (
				0AB1293327E20EB40026ED0B /* Assets.xcassets in Resources */,
			);
			runOnlyForDeploymentPostprocessing = 0;
		};
		0AB1291827E20EB40026ED0B /* Resources */ = {
			isa = PBXResourcesBuildPhase;
			buildActionMask = 2147483647;
			files = (
			);
			runOnlyForDeploymentPostprocessing = 0;
		};
		0AB1292427E20EB40026ED0B /* Resources */ = {
			isa = PBXResourcesBuildPhase;
			buildActionMask = 2147483647;
			files = (
			);
			runOnlyForDeploymentPostprocessing = 0;
		};
/* End PBXResourcesBuildPhase section */

/* Begin PBXSourcesBuildPhase section */
		0AB1290927E20EB40026ED0B /* Sources */ = {
			isa = PBXSourcesBuildPhase;
			buildActionMask = 2147483647;
			files = (
				0AB1293027E20EB40026ED0B /* ContentView.swift in Sources */,
				0AB1292E27E20EB40026ED0B /* Quoty_DemoApp.swift in Sources */,
			);
			runOnlyForDeploymentPostprocessing = 0;
		};
		0AB1290F27E20EB40026ED0B /* Sources */ = {
			isa = PBXSourcesBuildPhase;
			buildActionMask = 2147483647;
			files = (
				0AB1293127E20EB40026ED0B /* ContentView.swift in Sources */,
				0AB1292F27E20EB40026ED0B /* Quoty_DemoApp.swift in Sources */,
			);
			runOnlyForDeploymentPostprocessing = 0;
		};
		0AB1291627E20EB40026ED0B /* Sources */ = {
			isa = PBXSourcesBuildPhase;
			buildActionMask = 2147483647;
			files = (
				0AB1292127E20EB40026ED0B /* Tests_iOSLaunchTests.swift in Sources */,
				0AB1291F27E20EB40026ED0B /* Tests_iOS.swift in Sources */,
			);
			runOnlyForDeploymentPostprocessing = 0;
		};
		0AB1292227E20EB40026ED0B /* Sources */ = {
			isa = PBXSourcesBuildPhase;
			buildActionMask = 2147483647;
			files = (
				0AB1292D27E20EB40026ED0B /* Tests_macOSLaunchTests.swift in Sources */,
				0AB1292B27E20EB40026ED0B /* Tests_macOS.swift in Sources */,
			);
			runOnlyForDeploymentPostprocessing = 0;
		};
/* End PBXSourcesBuildPhase section */

/* Begin PBXTargetDependency section */
		0AB1291C27E20EB40026ED0B /* PBXTargetDependency */ = {
			isa = PBXTargetDependency;
			target = 0AB1290C27E20EB40026ED0B /* Quoty-Demo (iOS) */;
			targetProxy = 0AB1291B27E20EB40026ED0B /* PBXContainerItemProxy */;
		};
		0AB1292827E20EB40026ED0B /* PBXTargetDependency */ = {
			isa = PBXTargetDependency;
			target = 0AB1291227E20EB40026ED0B /* Quoty-Demo (macOS) */;
			targetProxy = 0AB1292727E20EB40026ED0B /* PBXContainerItemProxy */;
		};
/* End PBXTargetDependency section */

/* Begin XCBuildConfiguration section */
		0AB1293427E20EB40026ED0B /* Debug */ = {
			isa = XCBuildConfiguration;
			buildSettings = {
				ALWAYS_SEARCH_USER_PATHS = NO;
				CLANG_ANALYZER_NONNULL = YES;
				CLANG_ANALYZER_NUMBER_OBJECT_CONVERSION = YES_AGGRESSIVE;
				CLANG_CXX_LANGUAGE_STANDARD = "gnu++17";
				CLANG_CXX_LIBRARY = "libc++";
				CLANG_ENABLE_MODULES = YES;
				CLANG_ENABLE_OBJC_ARC = YES;
				CLANG_ENABLE_OBJC_WEAK = YES;
				CLANG_WARN_BLOCK_CAPTURE_AUTORELEASING = YES;
				CLANG_WARN_BOOL_CONVERSION = YES;
				CLANG_WARN_COMMA = YES;
				CLANG_WARN_CONSTANT_CONVERSION = YES;
				CLANG_WARN_DEPRECATED_OBJC_IMPLEMENTATIONS = YES;
				CLANG_WARN_DIRECT_OBJC_ISA_USAGE = YES_ERROR;
				CLANG_WARN_DOCUMENTATION_COMMENTS = YES;
				CLANG_WARN_EMPTY_BODY = YES;
				CLANG_WARN_ENUM_CONVERSION = YES;
				CLANG_WARN_INFINITE_RECURSION = YES;
				CLANG_WARN_INT_CONVERSION = YES;
				CLANG_WARN_NON_LITERAL_NULL_CONVERSION = YES;
				CLANG_WARN_OBJC_IMPLICIT_RETAIN_SELF = YES;
				CLANG_WARN_OBJC_LITERAL_CONVERSION = YES;
				CLANG_WARN_OBJC_ROOT_CLASS = YES_ERROR;
				CLANG_WARN_QUOTED_INCLUDE_IN_FRAMEWORK_HEADER = YES;
				CLANG_WARN_RANGE_LOOP_ANALYSIS = YES;
				CLANG_WARN_STRICT_PROTOTYPES = YES;
				CLANG_WARN_SUSPICIOUS_MOVE = YES;
				CLANG_WARN_UNGUARDED_AVAILABILITY = YES_AGGRESSIVE;
				CLANG_WARN_UNREACHABLE_CODE = YES;
				CLANG_WARN__DUPLICATE_METHOD_MATCH = YES;
				COPY_PHASE_STRIP = NO;
				DEBUG_INFORMATION_FORMAT = dwarf;
				ENABLE_STRICT_OBJC_MSGSEND = YES;
				ENABLE_TESTABILITY = YES;
				GCC_C_LANGUAGE_STANDARD = gnu11;
				GCC_DYNAMIC_NO_PIC = NO;
				GCC_NO_COMMON_BLOCKS = YES;
				GCC_OPTIMIZATION_LEVEL = 0;
				GCC_PREPROCESSOR_DEFINITIONS = (
					"DEBUG=1",
					"$(inherited)",
				);
				GCC_WARN_64_TO_32_BIT_CONVERSION = YES;
				GCC_WARN_ABOUT_RETURN_TYPE = YES_ERROR;
				GCC_WARN_UNDECLARED_SELECTOR = YES;
				GCC_WARN_UNINITIALIZED_AUTOS = YES_AGGRESSIVE;
				GCC_WARN_UNUSED_FUNCTION = YES;
				GCC_WARN_UNUSED_VARIABLE = YES;
				MTL_ENABLE_DEBUG_INFO = INCLUDE_SOURCE;
				MTL_FAST_MATH = YES;
				ONLY_ACTIVE_ARCH = YES;
				SWIFT_ACTIVE_COMPILATION_CONDITIONS = DEBUG;
				SWIFT_OPTIMIZATION_LEVEL = "-Onone";
			};
			name = Debug;
		};
		0AB1293527E20EB40026ED0B /* Release */ = {
			isa = XCBuildConfiguration;
			buildSettings = {
				ALWAYS_SEARCH_USER_PATHS = NO;
				CLANG_ANALYZER_NONNULL = YES;
				CLANG_ANALYZER_NUMBER_OBJECT_CONVERSION = YES_AGGRESSIVE;
				CLANG_CXX_LANGUAGE_STANDARD = "gnu++17";
				CLANG_CXX_LIBRARY = "libc++";
				CLANG_ENABLE_MODULES = YES;
				CLANG_ENABLE_OBJC_ARC = YES;
				CLANG_ENABLE_OBJC_WEAK = YES;
				CLANG_WARN_BLOCK_CAPTURE_AUTORELEASING = YES;
				CLANG_WARN_BOOL_CONVERSION = YES;
				CLANG_WARN_COMMA = YES;
				CLANG_WARN_CONSTANT_CONVERSION = YES;
				CLANG_WARN_DEPRECATED_OBJC_IMPLEMENTATIONS = YES;
				CLANG_WARN_DIRECT_OBJC_ISA_USAGE = YES_ERROR;
				CLANG_WARN_DOCUMENTATION_COMMENTS = YES;
				CLANG_WARN_EMPTY_BODY = YES;
				CLANG_WARN_ENUM_CONVERSION = YES;
				CLANG_WARN_INFINITE_RECURSION = YES;
				CLANG_WARN_INT_CONVERSION = YES;
				CLANG_WARN_NON_LITERAL_NULL_CONVERSION = YES;
				CLANG_WARN_OBJC_IMPLICIT_RETAIN_SELF = YES;
				CLANG_WARN_OBJC_LITERAL_CONVERSION = YES;
				CLANG_WARN_OBJC_ROOT_CLASS = YES_ERROR;
				CLANG_WARN_QUOTED_INCLUDE_IN_FRAMEWORK_HEADER = YES;
				CLANG_WARN_RANGE_LOOP_ANALYSIS = YES;
				CLANG_WARN_STRICT_PROTOTYPES = YES;
				CLANG_WARN_SUSPICIOUS_MOVE = YES;
				CLANG_WARN_UNGUARDED_AVAILABILITY = YES_AGGRESSIVE;
				CLANG_WARN_UNREACHABLE_CODE = YES;
				CLANG_WARN__DUPLICATE_METHOD_MATCH = YES;
				COPY_PHASE_STRIP = NO;
				DEBUG_INFORMATION_FORMAT = "dwarf-with-dsym";
				ENABLE_NS_ASSERTIONS = NO;
				ENABLE_STRICT_OBJC_MSGSEND = YES;
				GCC_C_LANGUAGE_STANDARD = gnu11;
				GCC_NO_COMMON_BLOCKS = YES;
				GCC_WARN_64_TO_32_BIT_CONVERSION = YES;
				GCC_WARN_ABOUT_RETURN_TYPE = YES_ERROR;
				GCC_WARN_UNDECLARED_SELECTOR = YES;
				GCC_WARN_UNINITIALIZED_AUTOS = YES_AGGRESSIVE;
				GCC_WARN_UNUSED_FUNCTION = YES;
				GCC_WARN_UNUSED_VARIABLE = YES;
				MTL_ENABLE_DEBUG_INFO = NO;
				MTL_FAST_MATH = YES;
				SWIFT_COMPILATION_MODE = wholemodule;
				SWIFT_OPTIMIZATION_LEVEL = "-O";
			};
			name = Release;
		};
		0AB1293727E20EB40026ED0B /* Debug */ = {
			isa = XCBuildConfiguration;
			buildSettings = {
				ASSETCATALOG_COMPILER_APPICON_NAME = AppIcon;
				ASSETCATALOG_COMPILER_GLOBAL_ACCENT_COLOR_NAME = AccentColor;
				CODE_SIGN_STYLE = Automatic;
				CURRENT_PROJECT_VERSION = 1;
				DEVELOPMENT_TEAM = "";
				ENABLE_PREVIEWS = YES;
				GENERATE_INFOPLIST_FILE = YES;
				INFOPLIST_KEY_UIApplicationSceneManifest_Generation = YES;
				INFOPLIST_KEY_UIApplicationSupportsIndirectInputEvents = YES;
				INFOPLIST_KEY_UILaunchScreen_Generation = YES;
				INFOPLIST_KEY_UISupportedInterfaceOrientations_iPad = "UIInterfaceOrientationPortrait UIInterfaceOrientationPortraitUpsideDown UIInterfaceOrientationLandscapeLeft UIInterfaceOrientationLandscapeRight";
				INFOPLIST_KEY_UISupportedInterfaceOrientations_iPhone = "UIInterfaceOrientationPortrait UIInterfaceOrientationLandscapeLeft UIInterfaceOrientationLandscapeRight";
				IPHONEOS_DEPLOYMENT_TARGET = 15.2;
				LD_RUNPATH_SEARCH_PATHS = (
					"$(inherited)",
					"@executable_path/Frameworks",
				);
				MARKETING_VERSION = 1.0;
				PRODUCT_BUNDLE_IDENTIFIER = "com.rudrankriyam.Quoty-Demo";
				PRODUCT_NAME = "Quoty-Demo";
				SDKROOT = iphoneos;
				SWIFT_EMIT_LOC_STRINGS = YES;
				SWIFT_VERSION = 5.0;
				TARGETED_DEVICE_FAMILY = "1,2";
			};
			name = Debug;
		};
		0AB1293827E20EB40026ED0B /* Release */ = {
			isa = XCBuildConfiguration;
			buildSettings = {
				ASSETCATALOG_COMPILER_APPICON_NAME = AppIcon;
				ASSETCATALOG_COMPILER_GLOBAL_ACCENT_COLOR_NAME = AccentColor;
				CODE_SIGN_STYLE = Automatic;
				CURRENT_PROJECT_VERSION = 1;
				DEVELOPMENT_TEAM = "";
				ENABLE_PREVIEWS = YES;
				GENERATE_INFOPLIST_FILE = YES;
				INFOPLIST_KEY_UIApplicationSceneManifest_Generation = YES;
				INFOPLIST_KEY_UIApplicationSupportsIndirectInputEvents = YES;
				INFOPLIST_KEY_UILaunchScreen_Generation = YES;
				INFOPLIST_KEY_UISupportedInterfaceOrientations_iPad = "UIInterfaceOrientationPortrait UIInterfaceOrientationPortraitUpsideDown UIInterfaceOrientationLandscapeLeft UIInterfaceOrientationLandscapeRight";
				INFOPLIST_KEY_UISupportedInterfaceOrientations_iPhone = "UIInterfaceOrientationPortrait UIInterfaceOrientationLandscapeLeft UIInterfaceOrientationLandscapeRight";
				IPHONEOS_DEPLOYMENT_TARGET = 15.2;
				LD_RUNPATH_SEARCH_PATHS = (
					"$(inherited)",
					"@executable_path/Frameworks",
				);
				MARKETING_VERSION = 1.0;
				PRODUCT_BUNDLE_IDENTIFIER = "com.rudrankriyam.Quoty-Demo";
				PRODUCT_NAME = "Quoty-Demo";
				SDKROOT = iphoneos;
				SWIFT_EMIT_LOC_STRINGS = YES;
				SWIFT_VERSION = 5.0;
				TARGETED_DEVICE_FAMILY = "1,2";
				VALIDATE_PRODUCT = YES;
			};
			name = Release;
		};
		0AB1293A27E20EB40026ED0B /* Debug */ = {
			isa = XCBuildConfiguration;
			buildSettings = {
				ASSETCATALOG_COMPILER_APPICON_NAME = AppIcon;
				ASSETCATALOG_COMPILER_GLOBAL_ACCENT_COLOR_NAME = AccentColor;
				CODE_SIGN_ENTITLEMENTS = macOS/macOS.entitlements;
				CODE_SIGN_IDENTITY = "-";
				CODE_SIGN_STYLE = Automatic;
				COMBINE_HIDPI_IMAGES = YES;
				CURRENT_PROJECT_VERSION = 1;
				DEVELOPMENT_TEAM = "";
				ENABLE_HARDENED_RUNTIME = YES;
				ENABLE_PREVIEWS = YES;
				GENERATE_INFOPLIST_FILE = YES;
				INFOPLIST_KEY_NSHumanReadableCopyright = "";
				LD_RUNPATH_SEARCH_PATHS = (
					"$(inherited)",
					"@executable_path/../Frameworks",
				);
				MACOSX_DEPLOYMENT_TARGET = 12.1;
				MARKETING_VERSION = 1.0;
				PRODUCT_BUNDLE_IDENTIFIER = "com.rudrankriyam.Quoty-Demo";
				PRODUCT_NAME = "Quoty-Demo";
				SDKROOT = macosx;
				SWIFT_EMIT_LOC_STRINGS = YES;
				SWIFT_VERSION = 5.0;
			};
			name = Debug;
		};
		0AB1293B27E20EB40026ED0B /* Release */ = {
			isa = XCBuildConfiguration;
			buildSettings = {
				ASSETCATALOG_COMPILER_APPICON_NAME = AppIcon;
				ASSETCATALOG_COMPILER_GLOBAL_ACCENT_COLOR_NAME = AccentColor;
				CODE_SIGN_ENTITLEMENTS = macOS/macOS.entitlements;
				CODE_SIGN_IDENTITY = "-";
				CODE_SIGN_STYLE = Automatic;
				COMBINE_HIDPI_IMAGES = YES;
				CURRENT_PROJECT_VERSION = 1;
				DEVELOPMENT_TEAM = "";
				ENABLE_HARDENED_RUNTIME = YES;
				ENABLE_PREVIEWS = YES;
				GENERATE_INFOPLIST_FILE = YES;
				INFOPLIST_KEY_NSHumanReadableCopyright = "";
				LD_RUNPATH_SEARCH_PATHS = (
					"$(inherited)",
					"@executable_path/../Frameworks",
				);
				MACOSX_DEPLOYMENT_TARGET = 12.1;
				MARKETING_VERSION = 1.0;
				PRODUCT_BUNDLE_IDENTIFIER = "com.rudrankriyam.Quoty-Demo";
				PRODUCT_NAME = "Quoty-Demo";
				SDKROOT = macosx;
				SWIFT_EMIT_LOC_STRINGS = YES;
				SWIFT_VERSION = 5.0;
			};
			name = Release;
		};
		0AB1293D27E20EB40026ED0B /* Debug */ = {
			isa = XCBuildConfiguration;
			buildSettings = {
				ALWAYS_EMBED_SWIFT_STANDARD_LIBRARIES = YES;
				"CODE_SIGN_IDENTITY[sdk=macosx*]" = "-";
				CODE_SIGN_STYLE = Automatic;
				CURRENT_PROJECT_VERSION = 1;
				DEVELOPMENT_TEAM = "";
				GENERATE_INFOPLIST_FILE = YES;
				IPHONEOS_DEPLOYMENT_TARGET = 15.2;
				MARKETING_VERSION = 1.0;
				PRODUCT_BUNDLE_IDENTIFIER = "com.rudrankriyam.Tests-iOS";
				PRODUCT_NAME = "$(TARGET_NAME)";
				SDKROOT = iphoneos;
				SWIFT_EMIT_LOC_STRINGS = NO;
				SWIFT_VERSION = 5.0;
				TARGETED_DEVICE_FAMILY = "1,2";
				TEST_TARGET_NAME = "Quoty-Demo (iOS)";
			};
			name = Debug;
		};
		0AB1293E27E20EB40026ED0B /* Release */ = {
			isa = XCBuildConfiguration;
			buildSettings = {
				ALWAYS_EMBED_SWIFT_STANDARD_LIBRARIES = YES;
				"CODE_SIGN_IDENTITY[sdk=macosx*]" = "-";
				CODE_SIGN_STYLE = Automatic;
				CURRENT_PROJECT_VERSION = 1;
				DEVELOPMENT_TEAM = "";
				GENERATE_INFOPLIST_FILE = YES;
				IPHONEOS_DEPLOYMENT_TARGET = 15.2;
				MARKETING_VERSION = 1.0;
				PRODUCT_BUNDLE_IDENTIFIER = "com.rudrankriyam.Tests-iOS";
				PRODUCT_NAME = "$(TARGET_NAME)";
				SDKROOT = iphoneos;
				SWIFT_EMIT_LOC_STRINGS = NO;
				SWIFT_VERSION = 5.0;
				TARGETED_DEVICE_FAMILY = "1,2";
				TEST_TARGET_NAME = "Quoty-Demo (iOS)";
				VALIDATE_PRODUCT = YES;
			};
			name = Release;
		};
		0AB1294027E20EB40026ED0B /* Debug */ = {
			isa = XCBuildConfiguration;
			buildSettings = {
				ALWAYS_EMBED_SWIFT_STANDARD_LIBRARIES = YES;
				CODE_SIGN_IDENTITY = "-";
				CODE_SIGN_STYLE = Automatic;
				CURRENT_PROJECT_VERSION = 1;
				DEVELOPMENT_TEAM = "";
				GENERATE_INFOPLIST_FILE = YES;
				MACOSX_DEPLOYMENT_TARGET = 12.1;
				MARKETING_VERSION = 1.0;
				PRODUCT_BUNDLE_IDENTIFIER = "com.rudrankriyam.Tests-macOS";
				PRODUCT_NAME = "$(TARGET_NAME)";
				SDKROOT = macosx;
				SWIFT_EMIT_LOC_STRINGS = NO;
				SWIFT_VERSION = 5.0;
				TEST_TARGET_NAME = "Quoty-Demo (macOS)";
			};
			name = Debug;
		};
		0AB1294127E20EB40026ED0B /* Release */ = {
			isa = XCBuildConfiguration;
			buildSettings = {
				ALWAYS_EMBED_SWIFT_STANDARD_LIBRARIES = YES;
				CODE_SIGN_IDENTITY = "-";
				CODE_SIGN_STYLE = Automatic;
				CURRENT_PROJECT_VERSION = 1;
				DEVELOPMENT_TEAM = "";
				GENERATE_INFOPLIST_FILE = YES;
				MACOSX_DEPLOYMENT_TARGET = 12.1;
				MARKETING_VERSION = 1.0;
				PRODUCT_BUNDLE_IDENTIFIER = "com.rudrankriyam.Tests-macOS";
				PRODUCT_NAME = "$(TARGET_NAME)";
				SDKROOT = macosx;
				SWIFT_EMIT_LOC_STRINGS = NO;
				SWIFT_VERSION = 5.0;
				TEST_TARGET_NAME = "Quoty-Demo (macOS)";
			};
			name = Release;
		};
/* End XCBuildConfiguration section */

/* Begin XCConfigurationList section */
		0AB1290427E20EB30026ED0B /* Build configuration list for PBXProject "Quoty-Demo" */ = {
			isa = XCConfigurationList;
			buildConfigurations = (
				0AB1293427E20EB40026ED0B /* Debug */,
				0AB1293527E20EB40026ED0B /* Release */,
			);
			defaultConfigurationIsVisible = 0;
			defaultConfigurationName = Release;
		};
		0AB1293627E20EB40026ED0B /* Build configuration list for PBXNativeTarget "Quoty-Demo (iOS)" */ = {
			isa = XCConfigurationList;
			buildConfigurations = (
				0AB1293727E20EB40026ED0B /* Debug */,
				0AB1293827E20EB40026ED0B /* Release */,
			);
			defaultConfigurationIsVisible = 0;
			defaultConfigurationName = Release;
		};
		0AB1293927E20EB40026ED0B /* Build configuration list for PBXNativeTarget "Quoty-Demo (macOS)" */ = {
			isa = XCConfigurationList;
			buildConfigurations = (
				0AB1293A27E20EB40026ED0B /* Debug */,
				0AB1293B27E20EB40026ED0B /* Release */,
			);
			defaultConfigurationIsVisible = 0;
			defaultConfigurationName = Release;
		};
		0AB1293C27E20EB40026ED0B /* Build configuration list for PBXNativeTarget "Tests iOS" */ = {
			isa = XCConfigurationList;
			buildConfigurations = (
				0AB1293D27E20EB40026ED0B /* Debug */,
				0AB1293E27E20EB40026ED0B /* Release */,
			);
			defaultConfigurationIsVisible = 0;
			defaultConfigurationName = Release;
		};
		0AB1293F27E20EB40026ED0B /* Build configuration list for PBXNativeTarget "Tests macOS" */ = {
			isa = XCConfigurationList;
			buildConfigurations = (
				0AB1294027E20EB40026ED0B /* Debug */,
				0AB1294127E20EB40026ED0B /* Release */,
			);
			defaultConfigurationIsVisible = 0;
			defaultConfigurationName = Release;
		};
/* End XCConfigurationList section */

/* Begin XCRemoteSwiftPackageReference section */
		0A2235D827E20EFC00ACA065 /* XCRemoteSwiftPackageReference "QuoteKit" */ = {
			isa = XCRemoteSwiftPackageReference;
			repositoryURL = "https://github.com/rryam/QuoteKit.git";
			requirement = {
				branch = main;
				kind = branch;
			};
		};
/* End XCRemoteSwiftPackageReference section */

/* Begin XCSwiftPackageProductDependency section */
		0A2235D927E20EFC00ACA065 /* QuoteKit */ = {
			isa = XCSwiftPackageProductDependency;
			package = 0A2235D827E20EFC00ACA065 /* XCRemoteSwiftPackageReference "QuoteKit" */;
			productName = QuoteKit;
		};
		0A2235DC27E20F3E00ACA065 /* QuoteKit */ = {
			isa = XCSwiftPackageProductDependency;
			package = 0A2235D827E20EFC00ACA065 /* XCRemoteSwiftPackageReference "QuoteKit" */;
			productName = QuoteKit;
		};
/* End XCSwiftPackageProductDependency section */
	};
	rootObject = 0AB1290127E20EB30026ED0B /* Project object */;
}
